
Microsoft Visual Studio Solution File, Format Version 12.00
# Visual Studio 14
VisualStudioVersion = 14.0.25420.1
MinimumVisualStudioVersion = 10.0.40219.1
Project("{FAE04EC0-301F-11D3-BF4B-00C04F79EFBC}") = "STAArticleClassification", "STAArticleClassification\STAArticleClassification.csproj", "{9133BDB1-0815-4070-9D1B-092062311657}"
EndProject
Project("{2150E333-8FDC-42A3-9474-1A3956D46DE8}") = "Solution Items", "Solution Items", "{3CE41CC2-6630-476C-932E-BAF0594F4E3B}"
	ProjectSection(SolutionItems) = preProject
		LICENSE.txt = LICENSE.txt
		README.txt = README.txt
	EndProjectSection
EndProject
Global
	GlobalSection(SolutionConfigurationPlatforms) = preSolution
		Debug|Any CPU = Debug|Any CPU
		Release|Any CPU = Release|Any CPU
		Description = Application that classifies articles for STA
	EndGlobalSection
	GlobalSection(ProjectConfigurationPlatforms) = postSolution
		{9133BDB1-0815-4070-9D1B-092062311657}.Debug|Any CPU.ActiveCfg = Debug|Any CPU
		{9133BDB1-0815-4070-9D1B-092062311657}.Debug|Any CPU.Build.0 = Debug|Any CPU
		{9133BDB1-0815-4070-9D1B-092062311657}.Release|Any CPU.ActiveCfg = Release|Any CPU
		{9133BDB1-0815-4070-9D1B-092062311657}.Release|Any CPU.Build.0 = Release|Any CPU
	EndGlobalSection
	GlobalSection(SolutionProperties) = preSolution
		HideSolutionNode = FALSE
	EndGlobalSection
EndGlobal
